<?xml version="1.0" encoding="utf-8"?>
<Project ToolsVersion="4.0" xmlns="http://schemas.microsoft.com/developer/msbuild/2003">
  <ItemGroup>
    <Filter Include="源文件">
      <UniqueIdentifier>{4FC737F1-C7A5-4376-A066-2A32D752A2FF}</UniqueIdentifier>
      <Extensions>cpp;c;cc;cxx;def;odl;idl;hpj;bat;asm;asmx</Extensions>
    </Filter>
    <Filter Include="头文件">
      <UniqueIdentifier>{93995380-89BD-4b04-88EB-625FBE52EBFB}</UniqueIdentifier>
      <Extensions>h;hpp;hxx;hm;inl;inc;xsd</Extensions>
    </Filter>
    <Filter Include="资源文件">
      <UniqueIdentifier>{67DA6AB6-F800-4c08-8B7A-83BB121AAD01}</UniqueIdentifier>
      <Extensions>rc;ico;cur;bmp;dlg;rc2;rct;bin;rgs;gif;jpg;jpeg;jpe;resx;tiff;tif;png;wav;mfcribbon-ms</Extensions>
    </Filter>
  </ItemGroup>
  <ItemGroup>
    <Text Include="ReadMe.txt" />
  </ItemGroup>
  <ItemGroup>
    <ClInclude Include="stdafx.h">
      <Filter>头文件</Filter>
    </ClInclude>
    <ClInclude Include="targetver.h">
      <Filter>头文件</Filter>
    </ClInclude>
    <ClInclude Include="PBConstants.h">
      <Filter>头文件</Filter>
    </ClInclude>
    <ClInclude Include="PBDataWindow.h">
      <Filter>头文件</Filter>
    </ClInclude>
    <ClInclude Include="PBDragObject.h">
      <Filter>头文件</Filter>
    </ClInclude>
    <ClInclude Include="PBDWBase.h">
      <Filter>头文件</Filter>
    </ClInclude>
    <ClInclude Include="PBDWObject.h">
      <Filter>头文件</Filter>
    </ClInclude>
    <ClInclude Include="PBExtObject.h">
      <Filter>头文件</Filter>
    </ClInclude>
    <ClInclude Include="PBFuncTemplate.h">
      <Filter>头文件</Filter>
    </ClInclude>
    <ClInclude Include="PBGraphicObject.h">
      <Filter>头文件</Filter>
    </ClInclude>
    <ClInclude Include="PBNonVisualObject.h">
      <Filter>头文件</Filter>
    </ClInclude>
    <ClInclude Include="PBObject.h">
      <Filter>头文件</Filter>
    </ClInclude>
    <ClInclude Include="PBPlusLib.h">
      <Filter>头文件</Filter>
    </ClInclude>
    <ClInclude Include="PBProj.h">
      <Filter>头文件</Filter>
    </ClInclude>
    <ClInclude Include="PBPropertyFunc.h">
      <Filter>头文件</Filter>
    </ClInclude>
    <ClInclude Include="PBSystem.h">
      <Filter>头文件</Filter>
    </ClInclude>
    <ClInclude Include="PBTransAction.h">
      <Filter>头文件</Filter>
    </ClInclude>
    <ClInclude Include="PBUtil.h">
      <Filter>头文件</Filter>
    </ClInclude>
    <ClInclude Include="PBWindow.h">
      <Filter>头文件</Filter>
    </ClInclude>
    <ClInclude Include="PBWindowObject.h">
      <Filter>头文件</Filter>
    </ClInclude>
    <ClInclude Include="PBXEvent.h">
      <Filter>头文件</Filter>
    </ClInclude>
    <ClInclude Include="PBDWDataTrans.h">
      <Filter>头文件</Filter>
    </ClInclude>
    <ClInclude Include="PBHost.h">
      <Filter>头文件</Filter>
    </ClInclude>
    <ClInclude Include="PBDateTime.h">
      <Filter>头文件</Filter>
    </ClInclude>
    <ClInclude Include="PBDate.h">
      <Filter>头文件</Filter>
    </ClInclude>
  </ItemGroup>
  <ItemGroup>
    <ClCompile Include="stdafx.cpp">
      <Filter>源文件</Filter>
    </ClCompile>
    <ClCompile Include="PBPlusLib.cpp">
      <Filter>源文件</Filter>
    </ClCompile>
    <ClCompile Include="dllmain.cpp">
      <Filter>源文件</Filter>
    </ClCompile>
    <ClCompile Include="PBDataWindow.cpp">
      <Filter>源文件</Filter>
    </ClCompile>
    <ClCompile Include="PBDragObject.cpp">
      <Filter>源文件</Filter>
    </ClCompile>
    <ClCompile Include="PBDWBase.cpp">
      <Filter>源文件</Filter>
    </ClCompile>
    <ClCompile Include="PBDWObject.cpp">
      <Filter>源文件</Filter>
    </ClCompile>
    <ClCompile Include="PBExtObject.cpp">
      <Filter>源文件</Filter>
    </ClCompile>
    <ClCompile Include="PBFuncTemplate.cpp">
      <Filter>源文件</Filter>
    </ClCompile>
    <ClCompile Include="PBGraphicObject.cpp">
      <Filter>源文件</Filter>
    </ClCompile>
    <ClCompile Include="PBNonVisualObject.cpp">
      <Filter>源文件</Filter>
    </ClCompile>
    <ClCompile Include="PBObject.cpp">
      <Filter>源文件</Filter>
    </ClCompile>
    <ClCompile Include="PBProj.cpp">
      <Filter>源文件</Filter>
    </ClCompile>
    <ClCompile Include="PBSystem.cpp">
      <Filter>源文件</Filter>
    </ClCompile>
    <ClCompile Include="PBTransAction.cpp">
      <Filter>源文件</Filter>
    </ClCompile>
    <ClCompile Include="PBUtil.cpp">
      <Filter>源文件</Filter>
    </ClCompile>
    <ClCompile Include="PBWindow.cpp">
      <Filter>源文件</Filter>
    </ClCompile>
    <ClCompile Include="PBWindowObject.cpp">
      <Filter>源文件</Filter>
    </ClCompile>
    <ClCompile Include="PBHost.cpp">
      <Filter>源文件</Filter>
    </ClCompile>
    <ClCompile Include="PBDateTime.cpp">
      <Filter>源文件</Filter>
    </ClCompile>
    <ClCompile Include="PBDate.cpp">
      <Filter>源文件</Filter>
    </ClCompile>
  </ItemGroup>
</Project>